
Microsoft Visual Studio Solution File, Format Version 12.00
# Visual Studio Version 17
VisualStudioVersion = 17.5.002.0
MinimumVisualStudioVersion = 10.0.40219.1
Project("{9A19103F-16F7-4668-BE54-9A1E7A4F7556}") = "DockerComposeGenerator", "DockerComposeGenerator.csproj", "{B3D476BD-75A9-47DA-9F2C-2CE63DB27076}"
EndProject
Global
	GlobalSection(SolutionConfigurationPlatforms) = preSolution
		Debug|Any CPU = Debug|Any CPU
		Release|Any CPU = Release|Any CPU
	EndGlobalSection
	GlobalSection(ProjectConfigurationPlatforms) = postSolution
		{B3D476BD-75A9-47DA-9F2C-2CE63DB27076}.Debug|Any CPU.ActiveCfg = Debug|Any CPU
		{B3D476BD-75A9-47DA-9F2C-2CE63DB27076}.Debug|Any CPU.Build.0 = Debug|Any CPU
		{B3D476BD-75A9-47DA-9F2C-2CE63DB27076}.Release|Any CPU.ActiveCfg = Release|Any CPU
		{B3D476BD-75A9-47DA-9F2C-2CE63DB27076}.Release|Any CPU.Build.0 = Release|Any CPU
	EndGlobalSection
	GlobalSection(SolutionProperties) = preSolution
		HideSolutionNode = FALSE
	EndGlobalSection
	GlobalSection(ExtensibilityGlobals) = postSolution
		SolutionGuid = {59E3766F-B306-4A55-B6CA-5484A1802722}
	EndGlobalSection
EndGlobal
